github.com/dchote/go-openal v0.0.0-20171116030048-f4a9a141d372 h1:tz3KnXWtRZR0RWOfcMNOw+HHezWLQa7vfSOWTtKjchI=
github.com/dchote/go-openal v0.0.0-20171116030048-f4a9a141d372/go.mod h1:74z+CYu2/mx4N+mcIS/rsvfAxBPBV9uv8zRAnwyFkdI=
github.com/golang/protobuf v1.5.4 h1:i7eJL8qZTpSEXOPTxNKhASYpMn+8e5Q6AdndVa1dWek=
github.com/golang/protobuf v1.5.4/go.mod h1:lnTiLA8Wa4RWRcIUkrtSVa5nRhsEGBg48fD6rSs7xps=
github.com/google/go-cmp v0.5.5 h1:Khx7svrCpmxxtHBq5j2mp/xVjsi8hQMfNLvJFAlrGgU=
github.com/google/go-cmp v0.5.5/go.mod h1:v8dTdLbMG2kIc/vJvl+f65V22dbkXbowE6jgT/gNBxE=
github.com/imashoksundar/gopus v1.0.2-0.20240702075501-545b848fc108 h1:DE+iY32PplNbb12tSMGLNWbEkAHPlIq9uxjbbTvjBN0=
github.com/imashoksundar/gopus v1.0.2-0.20240702075501-545b848fc108/go.mod h1:O0Oco2k5kt9Ju/0pBmx3liLwY2kj+K/QrMXHsfL/12I=
github.com/imashoksundar/gopus v1.0.3 h1:btZoelPzLCkLN7PY6AGgnQk1BO3ApBjcCWQb6DD+bEQ=
github.com/imashoksundar/gopus v1.0.3/go.mod h1:2IDt8Mkne98OjJ0sprKZZQ6vqH3Ok1PIxfXddiQjsHs=
golang.org/x/xerrors v0.0.0-20191204190536-9bdfabe68543 h1:E7g+9GITq07hpfrRu66IVDexMakfv52eLZ2CXBWiKr4=
golang.org/x/xerrors v0.0.0-20191204190536-9bdfabe68543/go.mod h1:I/5z698sn9Ka8TeJc9MKroUUfqBBauWjQqLJ2OPfmY0=
google.golang.org/protobuf v1.33.0 h1:uNO2rsAINq/JlFpSdYEKIZ0uKD/R9cpdv0T+yoGwGmI=
google.golang.org/protobuf v1.33.0/go.mod h1:c6P6GXX6sHbq/GpV6MGZEdwhWPcYBgnhAHhKbcUYpos=
